
Microsoft Visual Studio Solution File, Format Version 11.00
# Visual Studio 2010
Project("{FAE04EC0-301F-11D3-BF4B-00C04F79EFBC}") = "SkipList", "SkipList.csproj", "{56B29632-D49B-4415-B870-8EE6F78642D8}"
EndProject
Project("{FAE04EC0-301F-11D3-BF4B-00C04F79EFBC}") = "SkipTests", "SkipTests\SkipTests.csproj", "{0FF0DA6A-9509-4134-9282-5D96C914CC81}"
EndProject
Project("{2150E333-8FDC-42A3-9474-1A3956D46DE8}") = "Solution Items", "Solution Items", "{6C851DD8-B306-4EF2-A37E-FF167BAA7CA6}"
	ProjectSection(SolutionItems) = preProject
		Local.testsettings = Local.testsettings
		SkipList.vsmdi = SkipList.vsmdi
		TraceAndTestImpact.testsettings = TraceAndTestImpact.testsettings
	EndProjectSection
EndProject
Global
	GlobalSection(TestCaseManagementSettings) = postSolution
		CategoryFile = SkipList.vsmdi
	EndGlobalSection
	GlobalSection(SolutionConfigurationPlatforms) = preSolution
		Debug|Any CPU = Debug|Any CPU
		Debug|Mixed Platforms = Debug|Mixed Platforms
		Debug|x86 = Debug|x86
		Release|Any CPU = Release|Any CPU
		Release|Mixed Platforms = Release|Mixed Platforms
		Release|x86 = Release|x86
	EndGlobalSection
	GlobalSection(ProjectConfigurationPlatforms) = postSolution
		{56B29632-D49B-4415-B870-8EE6F78642D8}.Debug|Any CPU.ActiveCfg = Debug|x86
		{56B29632-D49B-4415-B870-8EE6F78642D8}.Debug|Mixed Platforms.ActiveCfg = Debug|x86
		{56B29632-D49B-4415-B870-8EE6F78642D8}.Debug|Mixed Platforms.Build.0 = Debug|x86
		{56B29632-D49B-4415-B870-8EE6F78642D8}.Debug|x86.ActiveCfg = Debug|x86
		{56B29632-D49B-4415-B870-8EE6F78642D8}.Debug|x86.Build.0 = Debug|x86
		{56B29632-D49B-4415-B870-8EE6F78642D8}.Release|Any CPU.ActiveCfg = Release|x86
		{56B29632-D49B-4415-B870-8EE6F78642D8}.Release|Mixed Platforms.ActiveCfg = Release|x86
		{56B29632-D49B-4415-B870-8EE6F78642D8}.Release|Mixed Platforms.Build.0 = Release|x86
		{56B29632-D49B-4415-B870-8EE6F78642D8}.Release|x86.ActiveCfg = Release|x86
		{56B29632-D49B-4415-B870-8EE6F78642D8}.Release|x86.Build.0 = Release|x86
		{0FF0DA6A-9509-4134-9282-5D96C914CC81}.Debug|Any CPU.ActiveCfg = Debug|Any CPU
		{0FF0DA6A-9509-4134-9282-5D96C914CC81}.Debug|Any CPU.Build.0 = Debug|Any CPU
		{0FF0DA6A-9509-4134-9282-5D96C914CC81}.Debug|Mixed Platforms.ActiveCfg = Debug|Any CPU
		{0FF0DA6A-9509-4134-9282-5D96C914CC81}.Debug|Mixed Platforms.Build.0 = Debug|Any CPU
		{0FF0DA6A-9509-4134-9282-5D96C914CC81}.Debug|x86.ActiveCfg = Debug|Any CPU
		{0FF0DA6A-9509-4134-9282-5D96C914CC81}.Release|Any CPU.ActiveCfg = Release|Any CPU
		{0FF0DA6A-9509-4134-9282-5D96C914CC81}.Release|Any CPU.Build.0 = Release|Any CPU
		{0FF0DA6A-9509-4134-9282-5D96C914CC81}.Release|Mixed Platforms.ActiveCfg = Release|Any CPU
		{0FF0DA6A-9509-4134-9282-5D96C914CC81}.Release|Mixed Platforms.Build.0 = Release|Any CPU
		{0FF0DA6A-9509-4134-9282-5D96C914CC81}.Release|x86.ActiveCfg = Release|Any CPU
	EndGlobalSection
	GlobalSection(SolutionProperties) = preSolution
		HideSolutionNode = FALSE
	EndGlobalSection
EndGlobal
